{
  "version": 4,
  "terraform_version": "1.16.2",
  "serial": 1,
  "lineage": "c2fd9deb-1f14-80b6-1afe-3c8c29a39f62",
  "outputs": {},
  "resources": [
    {
      "mode": "managed",
      "type": "aws_vpc",
      "name": "vpc_aula",
      "provider": "provider[\"registry.terraform.io/hashicorp/aws\"]",
      "instances": [
        {
          "schema_version": 1,
          "attributes": {
            "arn": "arn:aws:ec2:us-east-1:737027125128:vpc/vpc-0ebbc13843fdd3a94",
            "assign_generated_ipv6_cidr_block": false,
            "cidr_block": "10.10.0.0/16",
            "default_network_acl_id": "acl-0ad9d8906c9dfe878",
            "default_route_table_id": "rtb-034758906b4458258",
            "default_security_group_id": "sg-0676265b7bd1e1f06",
            "dhcp_options_id": "dopt-0ffd81a68bf5e79d7",
            "enable_dns_hostnames": false,
            "enable_dns_support": true,
            "enable_network_address_usage_metrics": false,
            "id": "vpc-0ebbc13843fdd3a94",
            "instance_tenancy": "default",
            "ipv4_ipam_pool_id": null,
            "ipv4_netmask_length": null,
            "ipv6_association_id": "",
            "ipv6_cidr_block": "",
            "ipv6_cidr_block_network_border_group": "",
            "ipv6_ipam_pool_id": "",
            "ipv6_netmask_length": 0,
            "main_route_table_id": "rtb-034758906b4458258",
            "owner_id": "737027125128",
            "region": "us-east-1",
            "tags": {
              "Name": "terraform-vpc-aula"
            },
            "tags_all": {
              "Name": "terraform-vpc-aula"
            }
          },
          "sensitive_attributes": [],
          "identity_schema_version": 0,
          "identity": {
            "account_id": "737027125128",
            "id": "vpc-0ebbc13843fdd3a94",
            "region": "us-east-1"
          },
          "private": "eyJzY2hlbWFfdmVyc2lvbiI6IjEifQ=="
        }
      ]
    }
  ],
  "check_results": null
}
